
Microsoft Visual Studio Solution File, Format Version 12.00
# Visual Studio Version 16
VisualStudioVersion = 16.0.29613.14
MinimumVisualStudioVersion = 10.0.40219.1
Project("{FAE04EC0-301F-11D3-BF4B-00C04F79EFBC}") = "Bank", "Bank\Bank.csproj", "{53A03083-8925-4257-8E71-FC35DE59FEA2}"
EndProject
Project("{FAE04EC0-301F-11D3-BF4B-00C04F79EFBC}") = "BankLibrary", "BankLibrary\BankLibrary.csproj", "{105833F8-13CB-453B-B4CA-1D3EB159551A}"
EndProject
Global
	GlobalSection(SolutionConfigurationPlatforms) = preSolution
		Debug|Any CPU = Debug|Any CPU
		Release|Any CPU = Release|Any CPU
	EndGlobalSection
	GlobalSection(ProjectConfigurationPlatforms) = postSolution
		{53A03083-8925-4257-8E71-FC35DE59FEA2}.Debug|Any CPU.ActiveCfg = Debug|Any CPU
		{53A03083-8925-4257-8E71-FC35DE59FEA2}.Debug|Any CPU.Build.0 = Debug|Any CPU
		{53A03083-8925-4257-8E71-FC35DE59FEA2}.Release|Any CPU.ActiveCfg = Release|Any CPU
		{53A03083-8925-4257-8E71-FC35DE59FEA2}.Release|Any CPU.Build.0 = Release|Any CPU
		{105833F8-13CB-453B-B4CA-1D3EB159551A}.Debug|Any CPU.ActiveCfg = Debug|Any CPU
		{105833F8-13CB-453B-B4CA-1D3EB159551A}.Debug|Any CPU.Build.0 = Debug|Any CPU
		{105833F8-13CB-453B-B4CA-1D3EB159551A}.Release|Any CPU.ActiveCfg = Release|Any CPU
		{105833F8-13CB-453B-B4CA-1D3EB159551A}.Release|Any CPU.Build.0 = Release|Any CPU
	EndGlobalSection
	GlobalSection(SolutionProperties) = preSolution
		HideSolutionNode = FALSE
	EndGlobalSection
	GlobalSection(ExtensibilityGlobals) = postSolution
		SolutionGuid = {5E895FEB-1229-451C-AF29-58F58E826B1F}
	EndGlobalSection
EndGlobal
